
Microsoft Visual Studio Solution File, Format Version 12.00
# Visual Studio 15
VisualStudioVersion = 15.0.28010.2041
MinimumVisualStudioVersion = 10.0.40219.1
Project("{FAE04EC0-301F-11D3-BF4B-00C04F79EFBC}") = "ForegroundAndBackgroundThreads", "ForegroundAndBackgroundThreads\ForegroundAndBackgroundThreads.csproj", "{22AD34C3-8FD3-48D2-9F36-21CCED267AE6}"
EndProject
Project("{FAE04EC0-301F-11D3-BF4B-00C04F79EFBC}") = "AsyncAwait", "AsyncAwait\AsyncAwait.csproj", "{4F7496A5-6C16-48A2-9F3B-58B1B51AF62F}"
EndProject
Project("{FAE04EC0-301F-11D3-BF4B-00C04F79EFBC}") = "HashDemo", "HashDemo\HashDemo.csproj", "{2276252D-4B49-426C-9AE0-58799CAE96C2}"
EndProject
Global
	GlobalSection(SolutionConfigurationPlatforms) = preSolution
		Debug|Any CPU = Debug|Any CPU
		Release|Any CPU = Release|Any CPU
	EndGlobalSection
	GlobalSection(ProjectConfigurationPlatforms) = postSolution
		{22AD34C3-8FD3-48D2-9F36-21CCED267AE6}.Debug|Any CPU.ActiveCfg = Debug|Any CPU
		{22AD34C3-8FD3-48D2-9F36-21CCED267AE6}.Debug|Any CPU.Build.0 = Debug|Any CPU
		{22AD34C3-8FD3-48D2-9F36-21CCED267AE6}.Release|Any CPU.ActiveCfg = Release|Any CPU
		{22AD34C3-8FD3-48D2-9F36-21CCED267AE6}.Release|Any CPU.Build.0 = Release|Any CPU
		{4F7496A5-6C16-48A2-9F3B-58B1B51AF62F}.Debug|Any CPU.ActiveCfg = Debug|Any CPU
		{4F7496A5-6C16-48A2-9F3B-58B1B51AF62F}.Debug|Any CPU.Build.0 = Debug|Any CPU
		{4F7496A5-6C16-48A2-9F3B-58B1B51AF62F}.Release|Any CPU.ActiveCfg = Release|Any CPU
		{4F7496A5-6C16-48A2-9F3B-58B1B51AF62F}.Release|Any CPU.Build.0 = Release|Any CPU
		{2276252D-4B49-426C-9AE0-58799CAE96C2}.Debug|Any CPU.ActiveCfg = Debug|Any CPU
		{2276252D-4B49-426C-9AE0-58799CAE96C2}.Debug|Any CPU.Build.0 = Debug|Any CPU
		{2276252D-4B49-426C-9AE0-58799CAE96C2}.Release|Any CPU.ActiveCfg = Release|Any CPU
		{2276252D-4B49-426C-9AE0-58799CAE96C2}.Release|Any CPU.Build.0 = Release|Any CPU
	EndGlobalSection
	GlobalSection(SolutionProperties) = preSolution
		HideSolutionNode = FALSE
	EndGlobalSection
	GlobalSection(ExtensibilityGlobals) = postSolution
		SolutionGuid = {FB4DCC90-1456-4F78-A031-E77B956483B6}
	EndGlobalSection
EndGlobal
